
Microsoft Visual Studio Solution File, Format Version 12.00
Project("{2150E333-8FDC-42A3-9474-1A3956D46DE8}") = "src", "src", "{6F5F3B7F-3657-4EE9-90B1-6A6C8DE1F357}"
EndProject
Project("{FAE04EC0-301F-11D3-BF4B-00C04F79EFBC}") = "UMS.Api", "src\UMS.Api\UMS.Api.csproj", "{9A5E5D77-7BDD-4A2D-81E9-02799872EAC2}"
EndProject
Project("{FAE04EC0-301F-11D3-BF4B-00C04F79EFBC}") = "UMS.Contracts", "src\UMS.Contracts\UMS.Contracts.csproj", "{C5592779-0A78-4648-BD51-A4EE8552DFD4}"
EndProject
Project("{FAE04EC0-301F-11D3-BF4B-00C04F79EFBC}") = "UMS.Features", "src\UMS.Features\UMS.Features.csproj", "{B7A80303-7479-4FA8-9535-D402348D62AA}"
EndProject
Project("{FAE04EC0-301F-11D3-BF4B-00C04F79EFBC}") = "UMS.Persistence", "src\UMS.Persistence\UMS.Persistence.csproj", "{418B00DA-9AEF-409B-85C3-A9269819B15A}"
EndProject
Project("{2150E333-8FDC-42A3-9474-1A3956D46DE8}") = "tests", "tests", "{3DE3D2E2-4184-4FBD-BD53-EB4F101B34A3}"
EndProject
Project("{FAE04EC0-301F-11D3-BF4B-00C04F79EFBC}") = "UMS.Integration", "tests\UMS.Integration\UMS.Integration.csproj", "{0DB25826-A824-4D71-A7BE-97CCACC6335A}"
EndProject
Project("{2150E333-8FDC-42A3-9474-1A3956D46DE8}") = "spec", "spec", "{2509FDC7-94DC-477D-A746-DD5B740FE927}"
EndProject
Project("{FAE04EC0-301F-11D3-BF4B-00C04F79EFBC}") = "UMS.Integration.Spec", "spec\UMS.Integration.Spec\UMS.Integration.Spec.csproj", "{98528072-F186-4740-B155-362929548507}"
EndProject
Global
	GlobalSection(SolutionConfigurationPlatforms) = preSolution
		Debug|Any CPU = Debug|Any CPU
		Release|Any CPU = Release|Any CPU
	EndGlobalSection
	GlobalSection(NestedProjects) = preSolution
		{9A5E5D77-7BDD-4A2D-81E9-02799872EAC2} = {6F5F3B7F-3657-4EE9-90B1-6A6C8DE1F357}
		{C5592779-0A78-4648-BD51-A4EE8552DFD4} = {6F5F3B7F-3657-4EE9-90B1-6A6C8DE1F357}
		{B7A80303-7479-4FA8-9535-D402348D62AA} = {6F5F3B7F-3657-4EE9-90B1-6A6C8DE1F357}
		{418B00DA-9AEF-409B-85C3-A9269819B15A} = {6F5F3B7F-3657-4EE9-90B1-6A6C8DE1F357}
		{0DB25826-A824-4D71-A7BE-97CCACC6335A} = {3DE3D2E2-4184-4FBD-BD53-EB4F101B34A3}
		{98528072-F186-4740-B155-362929548507} = {2509FDC7-94DC-477D-A746-DD5B740FE927}
	EndGlobalSection
	GlobalSection(ProjectConfigurationPlatforms) = postSolution
		{9A5E5D77-7BDD-4A2D-81E9-02799872EAC2}.Debug|Any CPU.ActiveCfg = Debug|Any CPU
		{9A5E5D77-7BDD-4A2D-81E9-02799872EAC2}.Debug|Any CPU.Build.0 = Debug|Any CPU
		{9A5E5D77-7BDD-4A2D-81E9-02799872EAC2}.Release|Any CPU.ActiveCfg = Release|Any CPU
		{9A5E5D77-7BDD-4A2D-81E9-02799872EAC2}.Release|Any CPU.Build.0 = Release|Any CPU
		{C5592779-0A78-4648-BD51-A4EE8552DFD4}.Debug|Any CPU.ActiveCfg = Debug|Any CPU
		{C5592779-0A78-4648-BD51-A4EE8552DFD4}.Debug|Any CPU.Build.0 = Debug|Any CPU
		{C5592779-0A78-4648-BD51-A4EE8552DFD4}.Release|Any CPU.ActiveCfg = Release|Any CPU
		{C5592779-0A78-4648-BD51-A4EE8552DFD4}.Release|Any CPU.Build.0 = Release|Any CPU
		{B7A80303-7479-4FA8-9535-D402348D62AA}.Debug|Any CPU.ActiveCfg = Debug|Any CPU
		{B7A80303-7479-4FA8-9535-D402348D62AA}.Debug|Any CPU.Build.0 = Debug|Any CPU
		{B7A80303-7479-4FA8-9535-D402348D62AA}.Release|Any CPU.ActiveCfg = Release|Any CPU
		{B7A80303-7479-4FA8-9535-D402348D62AA}.Release|Any CPU.Build.0 = Release|Any CPU
		{418B00DA-9AEF-409B-85C3-A9269819B15A}.Debug|Any CPU.ActiveCfg = Debug|Any CPU
		{418B00DA-9AEF-409B-85C3-A9269819B15A}.Debug|Any CPU.Build.0 = Debug|Any CPU
		{418B00DA-9AEF-409B-85C3-A9269819B15A}.Release|Any CPU.ActiveCfg = Release|Any CPU
		{418B00DA-9AEF-409B-85C3-A9269819B15A}.Release|Any CPU.Build.0 = Release|Any CPU
		{0DB25826-A824-4D71-A7BE-97CCACC6335A}.Debug|Any CPU.ActiveCfg = Debug|Any CPU
		{0DB25826-A824-4D71-A7BE-97CCACC6335A}.Debug|Any CPU.Build.0 = Debug|Any CPU
		{0DB25826-A824-4D71-A7BE-97CCACC6335A}.Release|Any CPU.ActiveCfg = Release|Any CPU
		{0DB25826-A824-4D71-A7BE-97CCACC6335A}.Release|Any CPU.Build.0 = Release|Any CPU
		{98528072-F186-4740-B155-362929548507}.Debug|Any CPU.ActiveCfg = Debug|Any CPU
		{98528072-F186-4740-B155-362929548507}.Debug|Any CPU.Build.0 = Debug|Any CPU
		{98528072-F186-4740-B155-362929548507}.Release|Any CPU.ActiveCfg = Release|Any CPU
		{98528072-F186-4740-B155-362929548507}.Release|Any CPU.Build.0 = Release|Any CPU
	EndGlobalSection
EndGlobal
